
Microsoft Visual Studio Solution File, Format Version 12.00
# Visual Studio 15
VisualStudioVersion = 15.0.28307.1401
MinimumVisualStudioVersion = 10.0.40219.1
Project("{9A19103F-16F7-4668-BE54-9A1E7A4F7556}") = "Prueba_Seguro", "Prueba_Seguro\Prueba_Seguro.csproj", "{921A702F-27DC-4160-A2D9-45179AB2B118}"
EndProject
Global
	GlobalSection(SolutionConfigurationPlatforms) = preSolution
		Debug|Any CPU = Debug|Any CPU
		Release|Any CPU = Release|Any CPU
	EndGlobalSection
	GlobalSection(ProjectConfigurationPlatforms) = postSolution
		{921A702F-27DC-4160-A2D9-45179AB2B118}.Debug|Any CPU.ActiveCfg = Debug|Any CPU
		{921A702F-27DC-4160-A2D9-45179AB2B118}.Debug|Any CPU.Build.0 = Debug|Any CPU
		{921A702F-27DC-4160-A2D9-45179AB2B118}.Release|Any CPU.ActiveCfg = Release|Any CPU
		{921A702F-27DC-4160-A2D9-45179AB2B118}.Release|Any CPU.Build.0 = Release|Any CPU
	EndGlobalSection
	GlobalSection(SolutionProperties) = preSolution
		HideSolutionNode = FALSE
	EndGlobalSection
	GlobalSection(ExtensibilityGlobals) = postSolution
		SolutionGuid = {4302FA64-A8D8-4F6F-A75A-99E7659AFDD7}
	EndGlobalSection
EndGlobal
